
Microsoft Visual Studio Solution File, Format Version 12.00
# Visual Studio Version 17
VisualStudioVersion = 17.13.35828.75 d17.13
MinimumVisualStudioVersion = 10.0.40219.1
Project("{8BC9CEB8-8B4A-11D0-8D11-00A0C91BC942}") = "ShieldInjector", "ShieldInjector\ShieldInjector.vcxproj", "{240AB8EC-2EB4-4176-9834-3DC7E3847783}"
EndProject
Global
	GlobalSection(SolutionConfigurationPlatforms) = preSolution
		Debug|x64 = Debug|x64
		Debug|x86 = Debug|x86
		Release|x64 = Release|x64
		Release|x86 = Release|x86
	EndGlobalSection
	GlobalSection(ProjectConfigurationPlatforms) = postSolution
		{240AB8EC-2EB4-4176-9834-3DC7E3847783}.Debug|x64.ActiveCfg = Debug|x64
		{240AB8EC-2EB4-4176-9834-3DC7E3847783}.Debug|x64.Build.0 = Debug|x64
		{240AB8EC-2EB4-4176-9834-3DC7E3847783}.Debug|x86.ActiveCfg = Debug|Win32
		{240AB8EC-2EB4-4176-9834-3DC7E3847783}.Debug|x86.Build.0 = Debug|Win32
		{240AB8EC-2EB4-4176-9834-3DC7E3847783}.Release|x64.ActiveCfg = Release|x64
		{240AB8EC-2EB4-4176-9834-3DC7E3847783}.Release|x64.Build.0 = Release|x64
		{240AB8EC-2EB4-4176-9834-3DC7E3847783}.Release|x86.ActiveCfg = Release|Win32
		{240AB8EC-2EB4-4176-9834-3DC7E3847783}.Release|x86.Build.0 = Release|Win32
	EndGlobalSection
	GlobalSection(SolutionProperties) = preSolution
		HideSolutionNode = FALSE
	EndGlobalSection
	GlobalSection(ExtensibilityGlobals) = postSolution
		SolutionGuid = {69B9591F-980F-415A-9949-F3957B1B4D80}
	EndGlobalSection
EndGlobal
